
Microsoft Visual Studio Solution File, Format Version 12.00
# Visual Studio Version 17
VisualStudioVersion = 17.4.33213.308
MinimumVisualStudioVersion = 10.0.40219.1
Project("{FAE04EC0-301F-11D3-BF4B-00C04F79EFBC}") = "Task3", "Task3\Task3.csproj", "{819D8894-C337-436E-9329-6F54BDBCFE01}"
EndProject
Global
	GlobalSection(SolutionConfigurationPlatforms) = preSolution
		Debug|Any CPU = Debug|Any CPU
		Release|Any CPU = Release|Any CPU
	EndGlobalSection
	GlobalSection(ProjectConfigurationPlatforms) = postSolution
		{819D8894-C337-436E-9329-6F54BDBCFE01}.Debug|Any CPU.ActiveCfg = Debug|Any CPU
		{819D8894-C337-436E-9329-6F54BDBCFE01}.Debug|Any CPU.Build.0 = Debug|Any CPU
		{819D8894-C337-436E-9329-6F54BDBCFE01}.Release|Any CPU.ActiveCfg = Release|Any CPU
		{819D8894-C337-436E-9329-6F54BDBCFE01}.Release|Any CPU.Build.0 = Release|Any CPU
	EndGlobalSection
	GlobalSection(SolutionProperties) = preSolution
		HideSolutionNode = FALSE
	EndGlobalSection
	GlobalSection(ExtensibilityGlobals) = postSolution
		SolutionGuid = {305FF965-7889-4FBE-919D-3BC1A238DDD0}
	EndGlobalSection
EndGlobal
